
Microsoft Visual Studio Solution File, Format Version 12.00
# Visual Studio Version 16
VisualStudioVersion = 16.0.30907.101
MinimumVisualStudioVersion = 10.0.40219.1
Project("{FAE04EC0-301F-11D3-BF4B-00C04F79EFBC}") = "LeaderGroupStore.Web.Api", "LeaderGroupStore.Web.Api\LeaderGroupStore.Web.Api.csproj", "{7A8333A9-B824-4781-AC10-42B42EBAD653}"
EndProject
Project("{FAE04EC0-301F-11D3-BF4B-00C04F79EFBC}") = "LeaderGroupStore.Core.DomainEntities", "LeaderGroupStore.Core.DomainEntities\LeaderGroupStore.Core.DomainEntities.csproj", "{E4497DC4-8127-4428-8992-52DF86B35D7F}"
EndProject
Project("{FAE04EC0-301F-11D3-BF4B-00C04F79EFBC}") = "LeaderGroupStore.Services", "LeaderGroupStore.Services\LeaderGroupStore.Services.csproj", "{8DBAB001-DD68-4C93-8E06-EF349E49242F}"
EndProject
Project("{FAE04EC0-301F-11D3-BF4B-00C04F79EFBC}") = "LeaderGroupStore.Repositories", "LeaderGroupStore.Repositories\LeaderGroupStore.Repositories.csproj", "{0446C0FE-7501-4665-9135-91908A2E7135}"
EndProject
Project("{FAE04EC0-301F-11D3-BF4B-00C04F79EFBC}") = "LeaderGroupStore.Models", "LeaderGroupStore.Models\LeaderGroupStore.Models.csproj", "{D9C1B43E-0E36-41F3-A5F1-EAE3FB66076C}"
EndProject
Global
	GlobalSection(SolutionConfigurationPlatforms) = preSolution
		Debug|Any CPU = Debug|Any CPU
		Release|Any CPU = Release|Any CPU
	EndGlobalSection
	GlobalSection(ProjectConfigurationPlatforms) = postSolution
		{7A8333A9-B824-4781-AC10-42B42EBAD653}.Debug|Any CPU.ActiveCfg = Debug|Any CPU
		{7A8333A9-B824-4781-AC10-42B42EBAD653}.Debug|Any CPU.Build.0 = Debug|Any CPU
		{7A8333A9-B824-4781-AC10-42B42EBAD653}.Release|Any CPU.ActiveCfg = Release|Any CPU
		{7A8333A9-B824-4781-AC10-42B42EBAD653}.Release|Any CPU.Build.0 = Release|Any CPU
		{E4497DC4-8127-4428-8992-52DF86B35D7F}.Debug|Any CPU.ActiveCfg = Debug|Any CPU
		{E4497DC4-8127-4428-8992-52DF86B35D7F}.Debug|Any CPU.Build.0 = Debug|Any CPU
		{E4497DC4-8127-4428-8992-52DF86B35D7F}.Release|Any CPU.ActiveCfg = Release|Any CPU
		{E4497DC4-8127-4428-8992-52DF86B35D7F}.Release|Any CPU.Build.0 = Release|Any CPU
		{8DBAB001-DD68-4C93-8E06-EF349E49242F}.Debug|Any CPU.ActiveCfg = Debug|Any CPU
		{8DBAB001-DD68-4C93-8E06-EF349E49242F}.Debug|Any CPU.Build.0 = Debug|Any CPU
		{8DBAB001-DD68-4C93-8E06-EF349E49242F}.Release|Any CPU.ActiveCfg = Release|Any CPU
		{8DBAB001-DD68-4C93-8E06-EF349E49242F}.Release|Any CPU.Build.0 = Release|Any CPU
		{0446C0FE-7501-4665-9135-91908A2E7135}.Debug|Any CPU.ActiveCfg = Debug|Any CPU
		{0446C0FE-7501-4665-9135-91908A2E7135}.Debug|Any CPU.Build.0 = Debug|Any CPU
		{0446C0FE-7501-4665-9135-91908A2E7135}.Release|Any CPU.ActiveCfg = Release|Any CPU
		{0446C0FE-7501-4665-9135-91908A2E7135}.Release|Any CPU.Build.0 = Release|Any CPU
		{D9C1B43E-0E36-41F3-A5F1-EAE3FB66076C}.Debug|Any CPU.ActiveCfg = Debug|Any CPU
		{D9C1B43E-0E36-41F3-A5F1-EAE3FB66076C}.Debug|Any CPU.Build.0 = Debug|Any CPU
		{D9C1B43E-0E36-41F3-A5F1-EAE3FB66076C}.Release|Any CPU.ActiveCfg = Release|Any CPU
		{D9C1B43E-0E36-41F3-A5F1-EAE3FB66076C}.Release|Any CPU.Build.0 = Release|Any CPU
	EndGlobalSection
	GlobalSection(SolutionProperties) = preSolution
		HideSolutionNode = FALSE
	EndGlobalSection
	GlobalSection(ExtensibilityGlobals) = postSolution
		SolutionGuid = {543526A0-AD7D-40F0-A88A-C1011E18B6FD}
	EndGlobalSection
EndGlobal
